
Microsoft Visual Studio Solution File, Format Version 12.00
# Visual Studio Version 17
VisualStudioVersion = 17.9.34728.123
MinimumVisualStudioVersion = 10.0.40219.1
Project("{8BC9CEB8-8B4A-11D0-8D11-00A0C91BC942}") = "Sem3P3+", "Sem3P3+.vcxproj", "{C3D410CB-A49C-4DAC-B481-83834489D09B}"
EndProject
Global
	GlobalSection(SolutionConfigurationPlatforms) = preSolution
		Debug|x64 = Debug|x64
		Debug|x86 = Debug|x86
		Release|x64 = Release|x64
		Release|x86 = Release|x86
	EndGlobalSection
	GlobalSection(ProjectConfigurationPlatforms) = postSolution
		{C3D410CB-A49C-4DAC-B481-83834489D09B}.Debug|x64.ActiveCfg = Debug|x64
		{C3D410CB-A49C-4DAC-B481-83834489D09B}.Debug|x64.Build.0 = Debug|x64
		{C3D410CB-A49C-4DAC-B481-83834489D09B}.Debug|x86.ActiveCfg = Debug|Win32
		{C3D410CB-A49C-4DAC-B481-83834489D09B}.Debug|x86.Build.0 = Debug|Win32
		{C3D410CB-A49C-4DAC-B481-83834489D09B}.Release|x64.ActiveCfg = Release|x64
		{C3D410CB-A49C-4DAC-B481-83834489D09B}.Release|x64.Build.0 = Release|x64
		{C3D410CB-A49C-4DAC-B481-83834489D09B}.Release|x86.ActiveCfg = Release|Win32
		{C3D410CB-A49C-4DAC-B481-83834489D09B}.Release|x86.Build.0 = Release|Win32
	EndGlobalSection
	GlobalSection(SolutionProperties) = preSolution
		HideSolutionNode = FALSE
	EndGlobalSection
	GlobalSection(ExtensibilityGlobals) = postSolution
		SolutionGuid = {2E95199B-9865-483C-807E-7CED728A5E89}
	EndGlobalSection
EndGlobal
