
Microsoft Visual Studio Solution File, Format Version 12.00
# Visual Studio Version 17
VisualStudioVersion = 17.9.34728.123
MinimumVisualStudioVersion = 10.0.40219.1
Project("{8BC9CEB8-8B4A-11D0-8D11-00A0C91BC942}") = "practica_archivos_b_txr", "practica_archivos_b_txr.vcxproj", "{43188ED9-45FD-404C-BF24-CE5318895487}"
EndProject
Global
	GlobalSection(SolutionConfigurationPlatforms) = preSolution
		Debug|x64 = Debug|x64
		Debug|x86 = Debug|x86
		Release|x64 = Release|x64
		Release|x86 = Release|x86
	EndGlobalSection
	GlobalSection(ProjectConfigurationPlatforms) = postSolution
		{43188ED9-45FD-404C-BF24-CE5318895487}.Debug|x64.ActiveCfg = Debug|x64
		{43188ED9-45FD-404C-BF24-CE5318895487}.Debug|x64.Build.0 = Debug|x64
		{43188ED9-45FD-404C-BF24-CE5318895487}.Debug|x86.ActiveCfg = Debug|Win32
		{43188ED9-45FD-404C-BF24-CE5318895487}.Debug|x86.Build.0 = Debug|Win32
		{43188ED9-45FD-404C-BF24-CE5318895487}.Release|x64.ActiveCfg = Release|x64
		{43188ED9-45FD-404C-BF24-CE5318895487}.Release|x64.Build.0 = Release|x64
		{43188ED9-45FD-404C-BF24-CE5318895487}.Release|x86.ActiveCfg = Release|Win32
		{43188ED9-45FD-404C-BF24-CE5318895487}.Release|x86.Build.0 = Release|Win32
	EndGlobalSection
	GlobalSection(SolutionProperties) = preSolution
		HideSolutionNode = FALSE
	EndGlobalSection
	GlobalSection(ExtensibilityGlobals) = postSolution
		SolutionGuid = {181BABAF-571B-454C-AC02-63C0434FA62F}
	EndGlobalSection
EndGlobal
